
Microsoft Visual Studio Solution File, Format Version 12.00
# Visual Studio Version 17
VisualStudioVersion = 17.14.36705.20
MinimumVisualStudioVersion = 10.0.40219.1
Project("{FAE04EC0-301F-11D3-BF4B-00C04F79EFBC}") = "FileEncryptor.Core", "FileEncryptor.Core\FileEncryptor.Core.csproj", "{C4EAAB5C-2421-412C-8317-CC4387CEBF79}"
EndProject
Project("{FAE04EC0-301F-11D3-BF4B-00C04F79EFBC}") = "FileEncryptor.UI", "FileEncryptor.UI\FileEncryptor.UI.csproj", "{AB4204A5-6705-406D-A318-BA43A33B2C5A}"
EndProject
Global
	GlobalSection(SolutionConfigurationPlatforms) = preSolution
		Debug|Any CPU = Debug|Any CPU
		Release|Any CPU = Release|Any CPU
	EndGlobalSection
	GlobalSection(ProjectConfigurationPlatforms) = postSolution
		{C4EAAB5C-2421-412C-8317-CC4387CEBF79}.Debug|Any CPU.ActiveCfg = Debug|Any CPU
		{C4EAAB5C-2421-412C-8317-CC4387CEBF79}.Debug|Any CPU.Build.0 = Debug|Any CPU
		{C4EAAB5C-2421-412C-8317-CC4387CEBF79}.Release|Any CPU.ActiveCfg = Release|Any CPU
		{C4EAAB5C-2421-412C-8317-CC4387CEBF79}.Release|Any CPU.Build.0 = Release|Any CPU
		{AB4204A5-6705-406D-A318-BA43A33B2C5A}.Debug|Any CPU.ActiveCfg = Debug|Any CPU
		{AB4204A5-6705-406D-A318-BA43A33B2C5A}.Debug|Any CPU.Build.0 = Debug|Any CPU
		{AB4204A5-6705-406D-A318-BA43A33B2C5A}.Release|Any CPU.ActiveCfg = Release|Any CPU
		{AB4204A5-6705-406D-A318-BA43A33B2C5A}.Release|Any CPU.Build.0 = Release|Any CPU
	EndGlobalSection
	GlobalSection(SolutionProperties) = preSolution
		HideSolutionNode = FALSE
	EndGlobalSection
	GlobalSection(ExtensibilityGlobals) = postSolution
		SolutionGuid = {5CD96DA0-900E-416E-ABA7-B254C5F0E4A3}
	EndGlobalSection
EndGlobal
